
Microsoft Visual Studio Solution File, Format Version 12.00
# Visual Studio Version 16
VisualStudioVersion = 16.0.30104.148
MinimumVisualStudioVersion = 10.0.40219.1
Project("{FAE04EC0-301F-11D3-BF4B-00C04F79EFBC}") = "AdventOfCode", "src\AdventOfCode.csproj", "{D73DA232-23AE-4092-8995-E9FAB7DBC269}"
EndProject
Project("{FAE04EC0-301F-11D3-BF4B-00C04F79EFBC}") = "AdventOfCodeTests", "tests\AdventOfCodeTests.csproj", "{308B5837-08E6-4928-9E84-B2A7555C3E87}"
EndProject
Global
	GlobalSection(SolutionConfigurationPlatforms) = preSolution
		Debug|Any CPU = Debug|Any CPU
		Release|Any CPU = Release|Any CPU
	EndGlobalSection
	GlobalSection(ProjectConfigurationPlatforms) = postSolution
		{D73DA232-23AE-4092-8995-E9FAB7DBC269}.Debug|Any CPU.ActiveCfg = Debug|Any CPU
		{D73DA232-23AE-4092-8995-E9FAB7DBC269}.Debug|Any CPU.Build.0 = Debug|Any CPU
		{D73DA232-23AE-4092-8995-E9FAB7DBC269}.Release|Any CPU.ActiveCfg = Release|Any CPU
		{D73DA232-23AE-4092-8995-E9FAB7DBC269}.Release|Any CPU.Build.0 = Release|Any CPU
		{308B5837-08E6-4928-9E84-B2A7555C3E87}.Debug|Any CPU.ActiveCfg = Debug|Any CPU
		{308B5837-08E6-4928-9E84-B2A7555C3E87}.Debug|Any CPU.Build.0 = Debug|Any CPU
		{308B5837-08E6-4928-9E84-B2A7555C3E87}.Release|Any CPU.ActiveCfg = Release|Any CPU
		{308B5837-08E6-4928-9E84-B2A7555C3E87}.Release|Any CPU.Build.0 = Release|Any CPU
	EndGlobalSection
	GlobalSection(SolutionProperties) = preSolution
		HideSolutionNode = FALSE
	EndGlobalSection
	GlobalSection(ExtensibilityGlobals) = postSolution
		SolutionGuid = {3D78287D-35AE-42CF-BC46-A7963D2D20C7}
	EndGlobalSection
EndGlobal
